// !$*UTF8*$!
{
	archiveVersion = 1;
	classes = {
	};
	objectVersion = 50;
	objects = {

/* Begin PBXBuildFile section */
		3B2B644B215AEA2C00E72285 /* HomeCell.swift in Sources */ = {isa = PBXBuildFile; fileRef = 3B2B644A215AEA2C00E72285 /* HomeCell.swift */; };
		3B2B644D215AEB2F00E72285 /* HomeChat.swift in Sources */ = {isa = PBXBuildFile; fileRef = 3B2B644C215AEB2F00E72285 /* HomeChat.swift */; };
		3B67A2AD2158390F00F9CB5E /* ChatVC.swift in Sources */ = {isa = PBXBuildFile; fileRef = 3B67A2AC2158390F00F9CB5E /* ChatVC.swift */; };
		3B67A2AF2158427F00F9CB5E /* Message.swift in Sources */ = {isa = PBXBuildFile; fileRef = 3B67A2AE2158427F00F9CB5E /* Message.swift */; };
		3B7DC3AB2140968600157080 /* GoogleService-Info.plist in Resources */ = {isa = PBXBuildFile; fileRef = 3B7DC3AA2140968500157080 /* GoogleService-Info.plist */; };
		3B9462F0213861B700C0CB9D /* AppDelegate.swift in Sources */ = {isa = PBXBuildFile; fileRef = 3B9462EF213861B700C0CB9D /* AppDelegate.swift */; };
		3B9462F2213861B700C0CB9D /* LoginVC.swift in Sources */ = {isa = PBXBuildFile; fileRef = 3B9462F1213861B700C0CB9D /* LoginVC.swift */; };
		3B9462F5213861B700C0CB9D /* Main.storyboard in Resources */ = {isa = PBXBuildFile; fileRef = 3B9462F3213861B700C0CB9D /* Main.storyboard */; };
		3B9462F7213861B900C0CB9D /* Assets.xcassets in Resources */ = {isa = PBXBuildFile; fileRef = 3B9462F6213861B900C0CB9D /* Assets.xcassets */; };
		3B9462FA213861B900C0CB9D /* LaunchScreen.storyboard in Resources */ = {isa = PBXBuildFile; fileRef = 3B9462F8213861B900C0CB9D /* LaunchScreen.storyboard */; };
		3B94630221386B3C00C0CB9D /* Extensions.swift in Sources */ = {isa = PBXBuildFile; fileRef = 3B94630121386B3C00C0CB9D /* Extensions.swift */; };
		3B946306213899B900C0CB9D /* AuthService.swift in Sources */ = {isa = PBXBuildFile; fileRef = 3B946305213899B900C0CB9D /* AuthService.swift */; };
		3B946308213899C500C0CB9D /* DataService.swift in Sources */ = {isa = PBXBuildFile; fileRef = 3B946307213899C500C0CB9D /* DataService.swift */; };
		3BB64C5F21395FBD00A8D4E3 /* MessagesVC.swift in Sources */ = {isa = PBXBuildFile; fileRef = 3BB64C5E21395FBD00A8D4E3 /* MessagesVC.swift */; };
		3BB64C612139787200A8D4E3 /* SelectPeopleVC.swift in Sources */ = {isa = PBXBuildFile; fileRef = 3BB64C602139787200A8D4E3 /* SelectPeopleVC.swift */; };
		3BB64C6721397BD600A8D4E3 /* SelectPeopleCell.swift in Sources */ = {isa = PBXBuildFile; fileRef = 3BB64C6621397BD600A8D4E3 /* SelectPeopleCell.swift */; };
		3BB64C6B21397D1C00A8D4E3 /* User.swift in Sources */ = {isa = PBXBuildFile; fileRef = 3BB64C6A21397D1C00A8D4E3 /* User.swift */; };
		6F22F23560974433B1279027 /* Pods_Messenger.framework in Frameworks */ = {isa = PBXBuildFile; fileRef = EE2134F1FFD0838A926620FE /* Pods_Messenger.framework */; };
/* End PBXBuildFile section */

/* Begin PBXFileReference section */
		3B2B644A215AEA2C00E72285 /* HomeCell.swift */ = {isa = PBXFileReference; lastKnownFileType = sourcecode.swift; path = HomeCell.swift; sourceTree = "<group>"; };
		3B2B644C215AEB2F00E72285 /* HomeChat.swift */ = {isa = PBXFileReference; lastKnownFileType = sourcecode.swift; path = HomeChat.swift; sourceTree = "<group>"; };
		3B67A2AC2158390F00F9CB5E /* ChatVC.swift */ = {isa = PBXFileReference; lastKnownFileType = sourcecode.swift; path = ChatVC.swift; sourceTree = "<group>"; };
		3B67A2AE2158427F00F9CB5E /* Message.swift */ = {isa = PBXFileReference; lastKnownFileType = sourcecode.swift; path = Message.swift; sourceTree = "<group>"; };
		3B7DC3AA2140968500157080 /* GoogleService-Info.plist */ = {isa = PBXFileReference; fileEncoding = 4; lastKnownFileType = text.plist.xml; path = "GoogleService-Info.plist"; sourceTree = "<group>"; };
		3B9462EC213861B700C0CB9D /* Messenger.app */ = {isa = PBXFileReference; explicitFileType = wrapper.application; includeInIndex = 0; path = Messenger.app; sourceTree = BUILT_PRODUCTS_DIR; };
		3B9462EF213861B700C0CB9D /* AppDelegate.swift */ = {isa = PBXFileReference; lastKnownFileType = sourcecode.swift; path = AppDelegate.swift; sourceTree = "<group>"; };
		3B9462F1213861B700C0CB9D /* LoginVC.swift */ = {isa = PBXFileReference; lastKnownFileType = sourcecode.swift; path = LoginVC.swift; sourceTree = "<group>"; };
		3B9462F4213861B700C0CB9D /* Base */ = {isa = PBXFileReference; lastKnownFileType = file.storyboard; name = Base; path = Base.lproj/Main.storyboard; sourceTree = "<group>"; };
		3B9462F6213861B900C0CB9D /* Assets.xcassets */ = {isa = PBXFileReference; lastKnownFileType = folder.assetcatalog; path = Assets.xcassets; sourceTree = "<group>"; };
		3B9462F9213861B900C0CB9D /* Base */ = {isa = PBXFileReference; lastKnownFileType = file.storyboard; name = Base; path = Base.lproj/LaunchScreen.storyboard; sourceTree = "<group>"; };
		3B9462FB213861B900C0CB9D /* Info.plist */ = {isa = PBXFileReference; lastKnownFileType = text.plist.xml; path = Info.plist; sourceTree = "<group>"; };
		3B94630121386B3C00C0CB9D /* Extensions.swift */ = {isa = PBXFileReference; lastKnownFileType = sourcecode.swift; path = Extensions.swift; sourceTree = "<group>"; };
		3B946305213899B900C0CB9D /* AuthService.swift */ = {isa = PBXFileReference; lastKnownFileType = sourcecode.swift; path = AuthService.swift; sourceTree = "<group>"; };
		3B946307213899C500C0CB9D /* DataService.swift */ = {isa = PBXFileReference; lastKnownFileType = sourcecode.swift; path = DataService.swift; sourceTree = "<group>"; };
		3BB64C5E21395FBD00A8D4E3 /* MessagesVC.swift */ = {isa = PBXFileReference; lastKnownFileType = sourcecode.swift; path = MessagesVC.swift; sourceTree = "<group>"; };
		3BB64C602139787200A8D4E3 /* SelectPeopleVC.swift */ = {isa = PBXFileReference; lastKnownFileType = sourcecode.swift; path = SelectPeopleVC.swift; sourceTree = "<group>"; };
		3BB64C6621397BD600A8D4E3 /* SelectPeopleCell.swift */ = {isa = PBXFileReference; lastKnownFileType = sourcecode.swift; path = SelectPeopleCell.swift; sourceTree = "<group>"; };
		3BB64C6A21397D1C00A8D4E3 /* User.swift */ = {isa = PBXFileReference; lastKnownFileType = sourcecode.swift; path = User.swift; sourceTree = "<group>"; };
		A3F034DDA4E78B409C952DF5 /* Pods-Messenger.debug.xcconfig */ = {isa = PBXFileReference; includeInIndex = 1; lastKnownFileType = text.xcconfig; name = "Pods-Messenger.debug.xcconfig"; path = "Pods/Target Support Files/Pods-Messenger/Pods-Messenger.debug.xcconfig"; sourceTree = "<group>"; };
		D8EE006C03A6F347F85FDDA9 /* Pods-Messenger.release.xcconfig */ = {isa = PBXFileReference; includeInIndex = 1; lastKnownFileType = text.xcconfig; name = "Pods-Messenger.release.xcconfig"; path = "Pods/Target Support Files/Pods-Messenger/Pods-Messenger.release.xcconfig"; sourceTree = "<group>"; };
		EE2134F1FFD0838A926620FE /* Pods_Messenger.framework */ = {isa = PBXFileReference; explicitFileType = wrapper.framework; includeInIndex = 0; path = Pods_Messenger.framework; sourceTree = BUILT_PRODUCTS_DIR; };
/* End PBXFileReference section */

/* Begin PBXFrameworksBuildPhase section */
		3B9462E9213861B700C0CB9D /* Frameworks */ = {
			isa = PBXFrameworksBuildPhase;
			buildActionMask = 2147483647;
			files = (
				6F22F23560974433B1279027 /* Pods_Messenger.framework in Frameworks */,
			);
			runOnlyForDeploymentPostprocessing = 0;
		};
/* End PBXFrameworksBuildPhase section */

/* Begin PBXGroup section */
		311436580204F73921A9F0C2 /* Frameworks */ = {
			isa = PBXGroup;
			children = (
				EE2134F1FFD0838A926620FE /* Pods_Messenger.framework */,
			);
			name = Frameworks;
			sourceTree = "<group>";
		};
		3B67A2AB215838FE00F9CB5E /* Chat */ = {
			isa = PBXGroup;
			children = (
				3B67A2AC2158390F00F9CB5E /* ChatVC.swift */,
			);
			path = Chat;
			sourceTree = "<group>";
		};
		3B9462E3213861B600C0CB9D = {
			isa = PBXGroup;
			children = (
				3B9462EE213861B700C0CB9D /* Messenger */,
				3B9462ED213861B700C0CB9D /* Products */,
				F000AA8492DE85E6C8A968A9 /* Pods */,
				311436580204F73921A9F0C2 /* Frameworks */,
			);
			sourceTree = "<group>";
		};
		3B9462ED213861B700C0CB9D /* Products */ = {
			isa = PBXGroup;
			children = (
				3B9462EC213861B700C0CB9D /* Messenger.app */,
			);
			name = Products;
			sourceTree = "<group>";
		};
		3B9462EE213861B700C0CB9D /* Messenger */ = {
			isa = PBXGroup;
			children = (
				3B9462EF213861B700C0CB9D /* AppDelegate.swift */,
				3BB64C6921397D0200A8D4E3 /* Networking */,
				3BB64C6821397CF400A8D4E3 /* Models */,
				3BB64C6221397B7E00A8D4E3 /* Screens */,
				3B9462F3213861B700C0CB9D /* Main.storyboard */,
				3B94630121386B3C00C0CB9D /* Extensions.swift */,
				3B9462F6213861B900C0CB9D /* Assets.xcassets */,
				3B9462F8213861B900C0CB9D /* LaunchScreen.storyboard */,
				3B9462FB213861B900C0CB9D /* Info.plist */,
				3B7DC3AA2140968500157080 /* GoogleService-Info.plist */,
			);
			path = Messenger;
			sourceTree = "<group>";
		};
		3BB64C6221397B7E00A8D4E3 /* Screens */ = {
			isa = PBXGroup;
			children = (
				3B67A2AB215838FE00F9CB5E /* Chat */,
				3BB64C6521397BB000A8D4E3 /* Compose Selection */,
				3BB64C6421397B8D00A8D4E3 /* Home */,
				3BB64C6321397B8600A8D4E3 /* Login */,
			);
			path = Screens;
			sourceTree = "<group>";
		};
		3BB64C6321397B8600A8D4E3 /* Login */ = {
			isa = PBXGroup;
			children = (
				3B9462F1213861B700C0CB9D /* LoginVC.swift */,
			);
			path = Login;
			sourceTree = "<group>";
		};
		3BB64C6421397B8D00A8D4E3 /* Home */ = {
			isa = PBXGroup;
			children = (
				3BB64C5E21395FBD00A8D4E3 /* MessagesVC.swift */,
				3B2B644A215AEA2C00E72285 /* HomeCell.swift */,
			);
			path = Home;
			sourceTree = "<group>";
		};
		3BB64C6521397BB000A8D4E3 /* Compose Selection */ = {
			isa = PBXGroup;
			children = (
				3BB64C602139787200A8D4E3 /* SelectPeopleVC.swift */,
				3BB64C6621397BD600A8D4E3 /* SelectPeopleCell.swift */,
			);
			path = "Compose Selection";
			sourceTree = "<group>";
		};
		3BB64C6821397CF400A8D4E3 /* Models */ = {
			isa = PBXGroup;
			children = (
				3BB64C6A21397D1C00A8D4E3 /* User.swift */,
				3B67A2AE2158427F00F9CB5E /* Message.swift */,
				3B2B644C215AEB2F00E72285 /* HomeChat.swift */,
			);
			path = Models;
			sourceTree = "<group>";
		};
		3BB64C6921397D0200A8D4E3 /* Networking */ = {
			isa = PBXGroup;
			children = (
				3B946305213899B900C0CB9D /* AuthService.swift */,
				3B946307213899C500C0CB9D /* DataService.swift */,
			);
			path = Networking;
			sourceTree = "<group>";
		};
		F000AA8492DE85E6C8A968A9 /* Pods */ = {
			isa = PBXGroup;
			children = (
				A3F034DDA4E78B409C952DF5 /* Pods-Messenger.debug.xcconfig */,
				D8EE006C03A6F347F85FDDA9 /* Pods-Messenger.release.xcconfig */,
			);
			name = Pods;
			sourceTree = "<group>";
		};
/* End PBXGroup section */

/* Begin PBXNativeTarget section */
		3B9462EB213861B700C0CB9D /* Messenger */ = {
			isa = PBXNativeTarget;
			buildConfigurationList = 3B9462FE213861B900C0CB9D /* Build configuration list for PBXNativeTarget "Messenger" */;
			buildPhases = (
				A472EB74B3DF4F4C0DC19176 /* [CP] Check Pods Manifest.lock */,
				3B9462E8213861B700C0CB9D /* Sources */,
				3B9462E9213861B700C0CB9D /* Frameworks */,
				3B9462EA213861B700C0CB9D /* Resources */,
				75D1564500F3C66C11A68FB3 /* [CP] Embed Pods Frameworks */,
			);
			buildRules = (
			);
			dependencies = (
			);
			name = Messenger;
			productName = Messenger;
			productReference = 3B9462EC213861B700C0CB9D /* Messenger.app */;
			productType = "com.apple.product-type.application";
		};
/* End PBXNativeTarget section */

/* Begin PBXProject section */
		3B9462E4213861B600C0CB9D /* Project object */ = {
			isa = PBXProject;
			attributes = {
				LastSwiftUpdateCheck = 0940;
				LastUpgradeCheck = 0940;
				ORGANIZATIONNAME = marton;
				TargetAttributes = {
					3B9462EB213861B700C0CB9D = {
						CreatedOnToolsVersion = 9.4.1;
						LastSwiftMigration = 1000;
					};
				};
			};
			buildConfigurationList = 3B9462E7213861B600C0CB9D /* Build configuration list for PBXProject "Messenger" */;
			compatibilityVersion = "Xcode 9.3";
			developmentRegion = en;
			hasScannedForEncodings = 0;
			knownRegions = (
				en,
				Base,
			);
			mainGroup = 3B9462E3213861B600C0CB9D;
			productRefGroup = 3B9462ED213861B700C0CB9D /* Products */;
			projectDirPath = "";
			projectRoot = "";
			targets = (
				3B9462EB213861B700C0CB9D /* Messenger */,
			);
		};
/* End PBXProject section */

/* Begin PBXResourcesBuildPhase section */
		3B9462EA213861B700C0CB9D /* Resources */ = {
			isa = PBXResourcesBuildPhase;
			buildActionMask = 2147483647;
			files = (
				3B9462FA213861B900C0CB9D /* LaunchScreen.storyboard in Resources */,
				3B7DC3AB2140968600157080 /* GoogleService-Info.plist in Resources */,
				3B9462F7213861B900C0CB9D /* Assets.xcassets in Resources */,
				3B9462F5213861B700C0CB9D /* Main.storyboard in Resources */,
			);
			runOnlyForDeploymentPostprocessing = 0;
		};
/* End PBXResourcesBuildPhase section */

/* Begin PBXShellScriptBuildPhase section */
		75D1564500F3C66C11A68FB3 /* [CP] Embed Pods Frameworks */ = {
			isa = PBXShellScriptBuildPhase;
			buildActionMask = 2147483647;
			files = (
			);
			inputPaths = (
				"${SRCROOT}/Pods/Target Support Files/Pods-Messenger/Pods-Messenger-frameworks.sh",
				"${BUILT_PRODUCTS_DIR}/GTMSessionFetcher/GTMSessionFetcher.framework",
				"${BUILT_PRODUCTS_DIR}/GoogleToolboxForMac/GoogleToolboxForMac.framework",
				"${BUILT_PRODUCTS_DIR}/MessageKit/MessageKit.framework",
				"${BUILT_PRODUCTS_DIR}/leveldb-library/leveldb.framework",
				"${BUILT_PRODUCTS_DIR}/nanopb/nanopb.framework",
			);
			name = "[CP] Embed Pods Frameworks";
			outputPaths = (
				"${TARGET_BUILD_DIR}/${FRAMEWORKS_FOLDER_PATH}/GTMSessionFetcher.framework",
				"${TARGET_BUILD_DIR}/${FRAMEWORKS_FOLDER_PATH}/GoogleToolboxForMac.framework",
				"${TARGET_BUILD_DIR}/${FRAMEWORKS_FOLDER_PATH}/MessageKit.framework",
				"${TARGET_BUILD_DIR}/${FRAMEWORKS_FOLDER_PATH}/leveldb.framework",
				"${TARGET_BUILD_DIR}/${FRAMEWORKS_FOLDER_PATH}/nanopb.framework",
			);
			runOnlyForDeploymentPostprocessing = 0;
			shellPath = /bin/sh;
			shellScript = "\"${SRCROOT}/Pods/Target Support Files/Pods-Messenger/Pods-Messenger-frameworks.sh\"\n";
			showEnvVarsInLog = 0;
		};
		A472EB74B3DF4F4C0DC19176 /* [CP] Check Pods Manifest.lock */ = {
			isa = PBXShellScriptBuildPhase;
			buildActionMask = 2147483647;
			files = (
			);
			inputPaths = (
				"${PODS_PODFILE_DIR_PATH}/Podfile.lock",
				"${PODS_ROOT}/Manifest.lock",
			);
			name = "[CP] Check Pods Manifest.lock";
			outputPaths = (
				"$(DERIVED_FILE_DIR)/Pods-Messenger-checkManifestLockResult.txt",
			);
			runOnlyForDeploymentPostprocessing = 0;
			shellPath = /bin/sh;
			shellScript = "diff \"${PODS_PODFILE_DIR_PATH}/Podfile.lock\" \"${PODS_ROOT}/Manifest.lock\" > /dev/null\nif [ $? != 0 ] ; then\n    # print error to STDERR\n    echo \"error: The sandbox is not in sync with the Podfile.lock. Run 'pod install' or update your CocoaPods installation.\" >&2\n    exit 1\nfi\n# This output is used by Xcode 'outputs' to avoid re-running this script phase.\necho \"SUCCESS\" > \"${SCRIPT_OUTPUT_FILE_0}\"\n";
			showEnvVarsInLog = 0;
		};
/* End PBXShellScriptBuildPhase section */

/* Begin PBXSourcesBuildPhase section */
		3B9462E8213861B700C0CB9D /* Sources */ = {
			isa = PBXSourcesBuildPhase;
			buildActionMask = 2147483647;
			files = (
				3BB64C5F21395FBD00A8D4E3 /* MessagesVC.swift in Sources */,
				3B9462F2213861B700C0CB9D /* LoginVC.swift in Sources */,
				3B94630221386B3C00C0CB9D /* Extensions.swift in Sources */,
				3B9462F0213861B700C0CB9D /* AppDelegate.swift in Sources */,
				3B67A2AD2158390F00F9CB5E /* ChatVC.swift in Sources */,
				3B946306213899B900C0CB9D /* AuthService.swift in Sources */,
				3B67A2AF2158427F00F9CB5E /* Message.swift in Sources */,
				3B2B644D215AEB2F00E72285 /* HomeChat.swift in Sources */,
				3BB64C6B21397D1C00A8D4E3 /* User.swift in Sources */,
				3BB64C612139787200A8D4E3 /* SelectPeopleVC.swift in Sources */,
				3BB64C6721397BD600A8D4E3 /* SelectPeopleCell.swift in Sources */,
				3B2B644B215AEA2C00E72285 /* HomeCell.swift in Sources */,
				3B946308213899C500C0CB9D /* DataService.swift in Sources */,
			);
			runOnlyForDeploymentPostprocessing = 0;
		};
/* End PBXSourcesBuildPhase section */

/* Begin PBXVariantGroup section */
		3B9462F3213861B700C0CB9D /* Main.storyboard */ = {
			isa = PBXVariantGroup;
			children = (
				3B9462F4213861B700C0CB9D /* Base */,
			);
			name = Main.storyboard;
			sourceTree = "<group>";
		};
		3B9462F8213861B900C0CB9D /* LaunchScreen.storyboard */ = {
			isa = PBXVariantGroup;
			children = (
				3B9462F9213861B900C0CB9D /* Base */,
			);
			name = LaunchScreen.storyboard;
			sourceTree = "<group>";
		};
/* End PBXVariantGroup section */

/* Begin XCBuildConfiguration section */
		3B9462FC213861B900C0CB9D /* Debug */ = {
			isa = XCBuildConfiguration;
			buildSettings = {
				ALWAYS_SEARCH_USER_PATHS = NO;
				CLANG_ANALYZER_NONNULL = YES;
				CLANG_ANALYZER_NUMBER_OBJECT_CONVERSION = YES_AGGRESSIVE;
				CLANG_CXX_LANGUAGE_STANDARD = "gnu++14";
				CLANG_CXX_LIBRARY = "libc++";
				CLANG_ENABLE_MODULES = YES;
				CLANG_ENABLE_OBJC_ARC = YES;
				CLANG_ENABLE_OBJC_WEAK = YES;
				CLANG_WARN_BLOCK_CAPTURE_AUTORELEASING = YES;
				CLANG_WARN_BOOL_CONVERSION = YES;
				CLANG_WARN_COMMA = YES;
				CLANG_WARN_CONSTANT_CONVERSION = YES;
				CLANG_WARN_DEPRECATED_OBJC_IMPLEMENTATIONS = YES;
				CLANG_WARN_DIRECT_OBJC_ISA_USAGE = YES_ERROR;
				CLANG_WARN_DOCUMENTATION_COMMENTS = YES;
				CLANG_WARN_EMPTY_BODY = YES;
				CLANG_WARN_ENUM_CONVERSION = YES;
				CLANG_WARN_INFINITE_RECURSION = YES;
				CLANG_WARN_INT_CONVERSION = YES;
				CLANG_WARN_NON_LITERAL_NULL_CONVERSION = YES;
				CLANG_WARN_OBJC_IMPLICIT_RETAIN_SELF = YES;
				CLANG_WARN_OBJC_LITERAL_CONVERSION = YES;
				CLANG_WARN_OBJC_ROOT_CLASS = YES_ERROR;
				CLANG_WARN_RANGE_LOOP_ANALYSIS = YES;
				CLANG_WARN_STRICT_PROTOTYPES = YES;
				CLANG_WARN_SUSPICIOUS_MOVE = YES;
				CLANG_WARN_UNGUARDED_AVAILABILITY = YES_AGGRESSIVE;
				CLANG_WARN_UNREACHABLE_CODE = YES;
				CLANG_WARN__DUPLICATE_METHOD_MATCH = YES;
				CODE_SIGN_IDENTITY = "iPhone Developer";
				COPY_PHASE_STRIP = NO;
				DEBUG_INFORMATION_FORMAT = dwarf;
				ENABLE_STRICT_OBJC_MSGSEND = YES;
				ENABLE_TESTABILITY = YES;
				GCC_C_LANGUAGE_STANDARD = gnu11;
				GCC_DYNAMIC_NO_PIC = NO;
				GCC_NO_COMMON_BLOCKS = YES;
				GCC_OPTIMIZATION_LEVEL = 0;
				GCC_PREPROCESSOR_DEFINITIONS = (
					"DEBUG=1",
					"$(inherited)",
				);
				GCC_WARN_64_TO_32_BIT_CONVERSION = YES;
				GCC_WARN_ABOUT_RETURN_TYPE = YES_ERROR;
				GCC_WARN_UNDECLARED_SELECTOR = YES;
				GCC_WARN_UNINITIALIZED_AUTOS = YES_AGGRESSIVE;
				GCC_WARN_UNUSED_FUNCTION = YES;
				GCC_WARN_UNUSED_VARIABLE = YES;
				IPHONEOS_DEPLOYMENT_TARGET = 11.4;
				MTL_ENABLE_DEBUG_INFO = YES;
				ONLY_ACTIVE_ARCH = YES;
				SDKROOT = iphoneos;
				SWIFT_ACTIVE_COMPILATION_CONDITIONS = DEBUG;
				SWIFT_OPTIMIZATION_LEVEL = "-Onone";
			};
			name = Debug;
		};
		3B9462FD213861B900C0CB9D /* Release */ = {
			isa = XCBuildConfiguration;
			buildSettings = {
				ALWAYS_SEARCH_USER_PATHS = NO;
				CLANG_ANALYZER_NONNULL = YES;
				CLANG_ANALYZER_NUMBER_OBJECT_CONVERSION = YES_AGGRESSIVE;
				CLANG_CXX_LANGUAGE_STANDARD = "gnu++14";
				CLANG_CXX_LIBRARY = "libc++";
				CLANG_ENABLE_MODULES = YES;
				CLANG_ENABLE_OBJC_ARC = YES;
				CLANG_ENABLE_OBJC_WEAK = YES;
				CLANG_WARN_BLOCK_CAPTURE_AUTORELEASING = YES;
				CLANG_WARN_BOOL_CONVERSION = YES;
				CLANG_WARN_COMMA = YES;
				CLANG_WARN_CONSTANT_CONVERSION = YES;
				CLANG_WARN_DEPRECATED_OBJC_IMPLEMENTATIONS = YES;
				CLANG_WARN_DIRECT_OBJC_ISA_USAGE = YES_ERROR;
				CLANG_WARN_DOCUMENTATION_COMMENTS = YES;
				CLANG_WARN_EMPTY_BODY = YES;
				CLANG_WARN_ENUM_CONVERSION = YES;
				CLANG_WARN_INFINITE_RECURSION = YES;
				CLANG_WARN_INT_CONVERSION = YES;
				CLANG_WARN_NON_LITERAL_NULL_CONVERSION = YES;
				CLANG_WARN_OBJC_IMPLICIT_RETAIN_SELF = YES;
				CLANG_WARN_OBJC_LITERAL_CONVERSION = YES;
				CLANG_WARN_OBJC_ROOT_CLASS = YES_ERROR;
				CLANG_WARN_RANGE_LOOP_ANALYSIS = YES;
				CLANG_WARN_STRICT_PROTOTYPES = YES;
				CLANG_WARN_SUSPICIOUS_MOVE = YES;
				CLANG_WARN_UNGUARDED_AVAILABILITY = YES_AGGRESSIVE;
				CLANG_WARN_UNREACHABLE_CODE = YES;
				CLANG_WARN__DUPLICATE_METHOD_MATCH = YES;
				CODE_SIGN_IDENTITY = "iPhone Developer";
				COPY_PHASE_STRIP = NO;
				DEBUG_INFORMATION_FORMAT = "dwarf-with-dsym";
				ENABLE_NS_ASSERTIONS = NO;
				ENABLE_STRICT_OBJC_MSGSEND = YES;
				GCC_C_LANGUAGE_STANDARD = gnu11;
				GCC_NO_COMMON_BLOCKS = YES;
				GCC_WARN_64_TO_32_BIT_CONVERSION = YES;
				GCC_WARN_ABOUT_RETURN_TYPE = YES_ERROR;
				GCC_WARN_UNDECLARED_SELECTOR = YES;
				GCC_WARN_UNINITIALIZED_AUTOS = YES_AGGRESSIVE;
				GCC_WARN_UNUSED_FUNCTION = YES;
				GCC_WARN_UNUSED_VARIABLE = YES;
				IPHONEOS_DEPLOYMENT_TARGET = 11.4;
				MTL_ENABLE_DEBUG_INFO = NO;
				SDKROOT = iphoneos;
				SWIFT_COMPILATION_MODE = wholemodule;
				SWIFT_OPTIMIZATION_LEVEL = "-O";
				VALIDATE_PRODUCT = YES;
			};
			name = Release;
		};
		3B9462FF213861B900C0CB9D /* Debug */ = {
			isa = XCBuildConfiguration;
			baseConfigurationReference = A3F034DDA4E78B409C952DF5 /* Pods-Messenger.debug.xcconfig */;
			buildSettings = {
				ASSETCATALOG_COMPILER_APPICON_NAME = AppIcon;
				CODE_SIGN_STYLE = Automatic;
				DEVELOPMENT_TEAM = 83F32NLU7E;
				INFOPLIST_FILE = Messenger/Info.plist;
				LD_RUNPATH_SEARCH_PATHS = (
					"$(inherited)",
					"@executable_path/Frameworks",
				);
				PRODUCT_BUNDLE_IDENTIFIER = com.marton.appstore.Messenger;
				PRODUCT_NAME = "$(TARGET_NAME)";
				SWIFT_VERSION = 4.2;
				TARGETED_DEVICE_FAMILY = "1,2";
			};
			name = Debug;
		};
		3B946300213861B900C0CB9D /* Release */ = {
			isa = XCBuildConfiguration;
			baseConfigurationReference = D8EE006C03A6F347F85FDDA9 /* Pods-Messenger.release.xcconfig */;
			buildSettings = {
				ASSETCATALOG_COMPILER_APPICON_NAME = AppIcon;
				CODE_SIGN_STYLE = Automatic;
				DEVELOPMENT_TEAM = 83F32NLU7E;
				INFOPLIST_FILE = Messenger/Info.plist;
				LD_RUNPATH_SEARCH_PATHS = (
					"$(inherited)",
					"@executable_path/Frameworks",
				);
				PRODUCT_BUNDLE_IDENTIFIER = com.marton.appstore.Messenger;
				PRODUCT_NAME = "$(TARGET_NAME)";
				SWIFT_VERSION = 4.2;
				TARGETED_DEVICE_FAMILY = "1,2";
			};
			name = Release;
		};
/* End XCBuildConfiguration section */

/* Begin XCConfigurationList section */
		3B9462E7213861B600C0CB9D /* Build configuration list for PBXProject "Messenger" */ = {
			isa = XCConfigurationList;
			buildConfigurations = (
				3B9462FC213861B900C0CB9D /* Debug */,
				3B9462FD213861B900C0CB9D /* Release */,
			);
			defaultConfigurationIsVisible = 0;
			defaultConfigurationName = Release;
		};
		3B9462FE213861B900C0CB9D /* Build configuration list for PBXNativeTarget "Messenger" */ = {
			isa = XCConfigurationList;
			buildConfigurations = (
				3B9462FF213861B900C0CB9D /* Debug */,
				3B946300213861B900C0CB9D /* Release */,
			);
			defaultConfigurationIsVisible = 0;
			defaultConfigurationName = Release;
		};
/* End XCConfigurationList section */
	};
	rootObject = 3B9462E4213861B600C0CB9D /* Project object */;
}
